
Microsoft Visual Studio Solution File, Format Version 12.00
# Visual Studio 15
VisualStudioVersion = 15.0.27703.2026
MinimumVisualStudioVersion = 10.0.40219.1
Project("{FAE04EC0-301F-11D3-BF4B-00C04F79EFBC}") = "Reproductor", "Reproductor\Reproductor.csproj", "{D04A215E-3BAA-45EE-AE82-97C062E58AE3}"
EndProject
Global
	GlobalSection(SolutionConfigurationPlatforms) = preSolution
		Debug|Any CPU = Debug|Any CPU
		Release|Any CPU = Release|Any CPU
	EndGlobalSection
	GlobalSection(ProjectConfigurationPlatforms) = postSolution
		{D04A215E-3BAA-45EE-AE82-97C062E58AE3}.Debug|Any CPU.ActiveCfg = Debug|Any CPU
		{D04A215E-3BAA-45EE-AE82-97C062E58AE3}.Debug|Any CPU.Build.0 = Debug|Any CPU
		{D04A215E-3BAA-45EE-AE82-97C062E58AE3}.Release|Any CPU.ActiveCfg = Release|Any CPU
		{D04A215E-3BAA-45EE-AE82-97C062E58AE3}.Release|Any CPU.Build.0 = Release|Any CPU
	EndGlobalSection
	GlobalSection(SolutionProperties) = preSolution
		HideSolutionNode = FALSE
	EndGlobalSection
	GlobalSection(ExtensibilityGlobals) = postSolution
		SolutionGuid = {ED024396-5EC6-405B-9521-E2A7E350F1DB}
	EndGlobalSection
EndGlobal
